{
  "nodes": {
    "fenix": {
      "inputs": {
        "nixpkgs": "nixpkgs",
        "rust-analyzer-src": "rust-analyzer-src"
      },
      "locked": {
        "lastModified": 1753771482,
        "narHash": "sha256-7WnYHGi5xT4PCacjM/UVp+k4ZYIIXwCf6CjVqgUnGTQ=",
        "owner": "nix-community",
        "repo": "fenix",
        "rev": "8b6da138fb7baefa04a4284c63b2abefdfbd2c6d",
        "type": "github"
      },
      "original": {
        "owner": "nix-community",
        "repo": "fenix",
        "type": "github"
      }
    },
    "flake-utils": {
      "inputs": {
        "systems": "systems"
      },
      "locked": {
        "lastModified": 1731533236,
        "narHash": "sha256-l0KFg5HjrsfsO/JpG+r7fRrqm12kzFHyUHqHCVpMMbI=",
        "owner": "numtide",
        "repo": "flake-utils",
        "rev": "11707dc2f618dd54ca8739b309ec4fc024de578b",
        "type": "github"
      },
      "original": {
        "owner": "numtide",
        "repo": "flake-utils",
        "type": "github"
      }
    },
    "nixpkgs": {
      "locked": {
        "lastModified": 1753694789,
        "narHash": "sha256-cKgvtz6fKuK1Xr5LQW/zOUiAC0oSQoA9nOISB0pJZqM=",
        "owner": "nixos",
        "repo": "nixpkgs",
        "rev": "dc9637876d0dcc8c9e5e22986b857632effeb727",
        "type": "github"
      },
      "original": {
        "owner": "nixos",
        "ref": "nixos-unstable",
        "repo": "nixpkgs",
        "type": "github"
      }
    },
    "nixpkgs_2": {
      "locked": {
        "lastModified": 1753694789,
        "narHash": "sha256-cKgvtz6fKuK1Xr5LQW/zOUiAC0oSQoA9nOISB0pJZqM=",
        "owner": "NixOS",
        "repo": "nixpkgs",
        "rev": "dc9637876d0dcc8c9e5e22986b857632effeb727",
        "type": "github"
      },
      "original": {
        "owner": "NixOS",
        "ref": "nixos-unstable",
        "repo": "nixpkgs",
        "type": "github"
      }
    },
    "root": {
      "inputs": {
        "fenix": "fenix",
        "flake-utils": "flake-utils",
        "nixpkgs": "nixpkgs_2"
      }
    },
    "rust-analyzer-src": {
      "flake": false,
      "locked": {
        "lastModified": 1753724566,
        "narHash": "sha256-DolKhpXhoehwLX+K/4xRRIeppnJHgKk6xWJdqn/vM6w=",
        "owner": "rust-lang",
        "repo": "rust-analyzer",
        "rev": "511c999bea1c3c129b8eba713bb9b809a9003d00",
        "type": "github"
      },
      "original": {
        "owner": "rust-lang",
        "ref": "nightly",
        "repo": "rust-analyzer",
        "type": "github"
      }
    },
    "systems": {
      "locked": {
        "lastModified": 1681028828,
        "narHash": "sha256-Vy1rq5AaRuLzOxct8nz4T6wlgyUR7zLU309k9mBC768=",
        "owner": "nix-systems",
        "repo": "default",
        "rev": "da67096a3b9bf56a91d16901293e51ba5b49a27e",
        "type": "github"
      },
      "original": {
        "owner": "nix-systems",
        "repo": "default",
        "type": "github"
      }
    }
  },
  "root": "root",
  "version": 7
}
